
Microsoft Visual Studio Solution File, Format Version 12.00
# Visual Studio 15
VisualStudioVersion = 15.0.27428.2011
MinimumVisualStudioVersion = 10.0.40219.1
Project("{FAE04EC0-301F-11D3-BF4B-00C04F79EFBC}") = "CareerCloudFullWebsite", "CareerCloudFullWebsite\CareerCloudFullWebsite.csproj", "{226D00BB-241E-4F80-8237-6005D9915169}"
EndProject
Global
	GlobalSection(SolutionConfigurationPlatforms) = preSolution
		Debug|Any CPU = Debug|Any CPU
		Release|Any CPU = Release|Any CPU
	EndGlobalSection
	GlobalSection(ProjectConfigurationPlatforms) = postSolution
		{226D00BB-241E-4F80-8237-6005D9915169}.Debug|Any CPU.ActiveCfg = Debug|Any CPU
		{226D00BB-241E-4F80-8237-6005D9915169}.Debug|Any CPU.Build.0 = Debug|Any CPU
		{226D00BB-241E-4F80-8237-6005D9915169}.Release|Any CPU.ActiveCfg = Release|Any CPU
		{226D00BB-241E-4F80-8237-6005D9915169}.Release|Any CPU.Build.0 = Release|Any CPU
	EndGlobalSection
	GlobalSection(SolutionProperties) = preSolution
		HideSolutionNode = FALSE
	EndGlobalSection
	GlobalSection(ExtensibilityGlobals) = postSolution
		SolutionGuid = {C55B4900-50C9-49E6-92C1-4CB4BBA56A85}
	EndGlobalSection
EndGlobal
